// !$*UTF8*$!
{
	archiveVersion = 1;
	classes = {
	};
	objectVersion = 46;
	objects = {

/* Begin PBXBuildFile section */
		924F32431AABE2C700321078 /* main.m in Sources */ = {isa = PBXBuildFile; fileRef = 924F32421AABE2C700321078 /* main.m */; };
		924F32461AABE2C700321078 /* AppDelegate.m in Sources */ = {isa = PBXBuildFile; fileRef = 924F32451AABE2C700321078 /* AppDelegate.m */; };
		924F32491AABE2C700321078 /* ViewController.m in Sources */ = {isa = PBXBuildFile; fileRef = 924F32481AABE2C700321078 /* ViewController.m */; };
		924F324C1AABE2C700321078 /* Main.storyboard in Resources */ = {isa = PBXBuildFile; fileRef = 924F324A1AABE2C700321078 /* Main.storyboard */; };
		924F324E1AABE2C700321078 /* Images.xcassets in Resources */ = {isa = PBXBuildFile; fileRef = 924F324D1AABE2C700321078 /* Images.xcassets */; };
		924F32511AABE2C700321078 /* LaunchScreen.xib in Resources */ = {isa = PBXBuildFile; fileRef = 924F324F1AABE2C700321078 /* LaunchScreen.xib */; };
		924F325D1AABE2C700321078 /* ticTacToeProTests.m in Sources */ = {isa = PBXBuildFile; fileRef = 924F325C1AABE2C700321078 /* ticTacToeProTests.m */; };
		924F32681AABE40000321078 /* GameEngine.m in Sources */ = {isa = PBXBuildFile; fileRef = 924F32671AABE40000321078 /* GameEngine.m */; };
/* End PBXBuildFile section */

/* Begin PBXContainerItemProxy section */
		924F32571AABE2C700321078 /* PBXContainerItemProxy */ = {
			isa = PBXContainerItemProxy;
			containerPortal = 924F32351AABE2C700321078 /* Project object */;
			proxyType = 1;
			remoteGlobalIDString = 924F323C1AABE2C700321078;
			remoteInfo = ticTacToePro;
		};
/* End PBXContainerItemProxy section */

/* Begin PBXFileReference section */
		924F323D1AABE2C700321078 /* ticTacToePro.app */ = {isa = PBXFileReference; explicitFileType = wrapper.application; includeInIndex = 0; path = ticTacToePro.app; sourceTree = BUILT_PRODUCTS_DIR; };
		924F32411AABE2C700321078 /* Info.plist */ = {isa = PBXFileReference; lastKnownFileType = text.plist.xml; path = Info.plist; sourceTree = "<group>"; };
		924F32421AABE2C700321078 /* main.m */ = {isa = PBXFileReference; lastKnownFileType = sourcecode.c.objc; path = main.m; sourceTree = "<group>"; };
		924F32441AABE2C700321078 /* AppDelegate.h */ = {isa = PBXFileReference; lastKnownFileType = sourcecode.c.h; path = AppDelegate.h; sourceTree = "<group>"; };
		924F32451AABE2C700321078 /* AppDelegate.m */ = {isa = PBXFileReference; lastKnownFileType = sourcecode.c.objc; path = AppDelegate.m; sourceTree = "<group>"; };
		924F32471AABE2C700321078 /* ViewController.h */ = {isa = PBXFileReference; lastKnownFileType = sourcecode.c.h; path = ViewController.h; sourceTree = "<group>"; };
		924F32481AABE2C700321078 /* ViewController.m */ = {isa = PBXFileReference; lastKnownFileType = sourcecode.c.objc; path = ViewController.m; sourceTree = "<group>"; };
		924F324B1AABE2C700321078 /* Base */ = {isa = PBXFileReference; lastKnownFileType = file.storyboard; name = Base; path = Base.lproj/Main.storyboard; sourceTree = "<group>"; };
		924F324D1AABE2C700321078 /* Images.xcassets */ = {isa = PBXFileReference; lastKnownFileType = folder.assetcatalog; path = Images.xcassets; sourceTree = "<group>"; };
		924F32501AABE2C700321078 /* Base */ = {isa = PBXFileReference; lastKnownFileType = file.xib; name = Base; path = Base.lproj/LaunchScreen.xib; sourceTree = "<group>"; };
		924F32561AABE2C700321078 /* ticTacToeProTests.xctest */ = {isa = PBXFileReference; explicitFileType = wrapper.cfbundle; includeInIndex = 0; path = ticTacToeProTests.xctest; sourceTree = BUILT_PRODUCTS_DIR; };
		924F325B1AABE2C700321078 /* Info.plist */ = {isa = PBXFileReference; lastKnownFileType = text.plist.xml; path = Info.plist; sourceTree = "<group>"; };
		924F325C1AABE2C700321078 /* ticTacToeProTests.m */ = {isa = PBXFileReference; lastKnownFileType = sourcecode.c.objc; path = ticTacToeProTests.m; sourceTree = "<group>"; };
		924F32661AABE40000321078 /* GameEngine.h */ = {isa = PBXFileReference; fileEncoding = 4; lastKnownFileType = sourcecode.c.h; path = GameEngine.h; sourceTree = "<group>"; };
		924F32671AABE40000321078 /* GameEngine.m */ = {isa = PBXFileReference; fileEncoding = 4; lastKnownFileType = sourcecode.c.objc; path = GameEngine.m; sourceTree = "<group>"; };
/* End PBXFileReference section */

/* Begin PBXFrameworksBuildPhase section */
		924F323A1AABE2C700321078 /* Frameworks */ = {
			isa = PBXFrameworksBuildPhase;
			buildActionMask = 2147483647;
			files = (
			);
			runOnlyForDeploymentPostprocessing = 0;
		};
		924F32531AABE2C700321078 /* Frameworks */ = {
			isa = PBXFrameworksBuildPhase;
			buildActionMask = 2147483647;
			files = (
			);
			runOnlyForDeploymentPostprocessing = 0;
		};
/* End PBXFrameworksBuildPhase section */

/* Begin PBXGroup section */
		924F32341AABE2C700321078 = {
			isa = PBXGroup;
			children = (
				924F323F1AABE2C700321078 /* ticTacToePro */,
				924F32591AABE2C700321078 /* ticTacToeProTests */,
				924F323E1AABE2C700321078 /* Products */,
			);
			sourceTree = "<group>";
		};
		924F323E1AABE2C700321078 /* Products */ = {
			isa = PBXGroup;
			children = (
				924F323D1AABE2C700321078 /* ticTacToePro.app */,
				924F32561AABE2C700321078 /* ticTacToeProTests.xctest */,
			);
			name = Products;
			sourceTree = "<group>";
		};
		924F323F1AABE2C700321078 /* ticTacToePro */ = {
			isa = PBXGroup;
			children = (
				924F32441AABE2C700321078 /* AppDelegate.h */,
				924F32451AABE2C700321078 /* AppDelegate.m */,
				924F32471AABE2C700321078 /* ViewController.h */,
				924F32481AABE2C700321078 /* ViewController.m */,
				924F324A1AABE2C700321078 /* Main.storyboard */,
				924F324D1AABE2C700321078 /* Images.xcassets */,
				924F324F1AABE2C700321078 /* LaunchScreen.xib */,
				924F32401AABE2C700321078 /* Supporting Files */,
				924F32661AABE40000321078 /* GameEngine.h */,
				924F32671AABE40000321078 /* GameEngine.m */,
			);
			path = ticTacToePro;
			sourceTree = "<group>";
		};
		924F32401AABE2C700321078 /* Supporting Files */ = {
			isa = PBXGroup;
			children = (
				924F32411AABE2C700321078 /* Info.plist */,
				924F32421AABE2C700321078 /* main.m */,
			);
			name = "Supporting Files";
			sourceTree = "<group>";
		};
		924F32591AABE2C700321078 /* ticTacToeProTests */ = {
			isa = PBXGroup;
			children = (
				924F325C1AABE2C700321078 /* ticTacToeProTests.m */,
				924F325A1AABE2C700321078 /* Supporting Files */,
			);
			path = ticTacToeProTests;
			sourceTree = "<group>";
		};
		924F325A1AABE2C700321078 /* Supporting Files */ = {
			isa = PBXGroup;
			children = (
				924F325B1AABE2C700321078 /* Info.plist */,
			);
			name = "Supporting Files";
			sourceTree = "<group>";
		};
/* End PBXGroup section */

/* Begin PBXNativeTarget section */
		924F323C1AABE2C700321078 /* ticTacToePro */ = {
			isa = PBXNativeTarget;
			buildConfigurationList = 924F32601AABE2C700321078 /* Build configuration list for PBXNativeTarget "ticTacToePro" */;
			buildPhases = (
				924F32391AABE2C700321078 /* Sources */,
				924F323A1AABE2C700321078 /* Frameworks */,
				924F323B1AABE2C700321078 /* Resources */,
			);
			buildRules = (
			);
			dependencies = (
			);
			name = ticTacToePro;
			productName = ticTacToePro;
			productReference = 924F323D1AABE2C700321078 /* ticTacToePro.app */;
			productType = "com.apple.product-type.application";
		};
		924F32551AABE2C700321078 /* ticTacToeProTests */ = {
			isa = PBXNativeTarget;
			buildConfigurationList = 924F32631AABE2C700321078 /* Build configuration list for PBXNativeTarget "ticTacToeProTests" */;
			buildPhases = (
				924F32521AABE2C700321078 /* Sources */,
				924F32531AABE2C700321078 /* Frameworks */,
				924F32541AABE2C700321078 /* Resources */,
			);
			buildRules = (
			);
			dependencies = (
				924F32581AABE2C700321078 /* PBXTargetDependency */,
			);
			name = ticTacToeProTests;
			productName = ticTacToeProTests;
			productReference = 924F32561AABE2C700321078 /* ticTacToeProTests.xctest */;
			productType = "com.apple.product-type.bundle.unit-test";
		};
/* End PBXNativeTarget section */

/* Begin PBXProject section */
		924F32351AABE2C700321078 /* Project object */ = {
			isa = PBXProject;
			attributes = {
				LastUpgradeCheck = 0610;
				ORGANIZATIONNAME = "Nalin Natrajan";
				TargetAttributes = {
					924F323C1AABE2C700321078 = {
						CreatedOnToolsVersion = 6.1.1;
					};
					924F32551AABE2C700321078 = {
						CreatedOnToolsVersion = 6.1.1;
						TestTargetID = 924F323C1AABE2C700321078;
					};
				};
			};
			buildConfigurationList = 924F32381AABE2C700321078 /* Build configuration list for PBXProject "ticTacToePro" */;
			compatibilityVersion = "Xcode 3.2";
			developmentRegion = English;
			hasScannedForEncodings = 0;
			knownRegions = (
				en,
				Base,
			);
			mainGroup = 924F32341AABE2C700321078;
			productRefGroup = 924F323E1AABE2C700321078 /* Products */;
			projectDirPath = "";
			projectRoot = "";
			targets = (
				924F323C1AABE2C700321078 /* ticTacToePro */,
				924F32551AABE2C700321078 /* ticTacToeProTests */,
			);
		};
/* End PBXProject section */

/* Begin PBXResourcesBuildPhase section */
		924F323B1AABE2C700321078 /* Resources */ = {
			isa = PBXResourcesBuildPhase;
			buildActionMask = 2147483647;
			files = (
				924F324C1AABE2C700321078 /* Main.storyboard in Resources */,
				924F32511AABE2C700321078 /* LaunchScreen.xib in Resources */,
				924F324E1AABE2C700321078 /* Images.xcassets in Resources */,
			);
			runOnlyForDeploymentPostprocessing = 0;
		};
		924F32541AABE2C700321078 /* Resources */ = {
			isa = PBXResourcesBuildPhase;
			buildActionMask = 2147483647;
			files = (
			);
			runOnlyForDeploymentPostprocessing = 0;
		};
/* End PBXResourcesBuildPhase section */

/* Begin PBXSourcesBuildPhase section */
		924F32391AABE2C700321078 /* Sources */ = {
			isa = PBXSourcesBuildPhase;
			buildActionMask = 2147483647;
			files = (
				924F32491AABE2C700321078 /* ViewController.m in Sources */,
				924F32461AABE2C700321078 /* AppDelegate.m in Sources */,
				924F32431AABE2C700321078 /* main.m in Sources */,
				924F32681AABE40000321078 /* GameEngine.m in Sources */,
			);
			runOnlyForDeploymentPostprocessing = 0;
		};
		924F32521AABE2C700321078 /* Sources */ = {
			isa = PBXSourcesBuildPhase;
			buildActionMask = 2147483647;
			files = (
				924F325D1AABE2C700321078 /* ticTacToeProTests.m in Sources */,
			);
			runOnlyForDeploymentPostprocessing = 0;
		};
/* End PBXSourcesBuildPhase section */

/* Begin PBXTargetDependency section */
		924F32581AABE2C700321078 /* PBXTargetDependency */ = {
			isa = PBXTargetDependency;
			target = 924F323C1AABE2C700321078 /* ticTacToePro */;
			targetProxy = 924F32571AABE2C700321078 /* PBXContainerItemProxy */;
		};
/* End PBXTargetDependency section */

/* Begin PBXVariantGroup section */
		924F324A1AABE2C700321078 /* Main.storyboard */ = {
			isa = PBXVariantGroup;
			children = (
				924F324B1AABE2C700321078 /* Base */,
			);
			name = Main.storyboard;
			sourceTree = "<group>";
		};
		924F324F1AABE2C700321078 /* LaunchScreen.xib */ = {
			isa = PBXVariantGroup;
			children = (
				924F32501AABE2C700321078 /* Base */,
			);
			name = LaunchScreen.xib;
			sourceTree = "<group>";
		};
/* End PBXVariantGroup section */

/* Begin XCBuildConfiguration section */
		924F325E1AABE2C700321078 /* Debug */ = {
			isa = XCBuildConfiguration;
			buildSettings = {
				ALWAYS_SEARCH_USER_PATHS = NO;
				CLANG_CXX_LANGUAGE_STANDARD = "gnu++0x";
				CLANG_CXX_LIBRARY = "libc++";
				CLANG_ENABLE_MODULES = YES;
				CLANG_ENABLE_OBJC_ARC = YES;
				CLANG_WARN_BOOL_CONVERSION = YES;
				CLANG_WARN_CONSTANT_CONVERSION = YES;
				CLANG_WARN_DIRECT_OBJC_ISA_USAGE = YES_ERROR;
				CLANG_WARN_EMPTY_BODY = YES;
				CLANG_WARN_ENUM_CONVERSION = YES;
				CLANG_WARN_INT_CONVERSION = YES;
				CLANG_WARN_OBJC_ROOT_CLASS = YES_ERROR;
				CLANG_WARN_UNREACHABLE_CODE = YES;
				CLANG_WARN__DUPLICATE_METHOD_MATCH = YES;
				CODE_SIGN_IDENTITY = "iPhone Distribution: Sanat Srivastva (YDLYVHP44E)";
				"CODE_SIGN_IDENTITY[sdk=iphoneos*]" = "iPhone Distribution: Sanat Srivastva (YDLYVHP44E)";
				COPY_PHASE_STRIP = NO;
				ENABLE_STRICT_OBJC_MSGSEND = YES;
				GCC_C_LANGUAGE_STANDARD = gnu99;
				GCC_DYNAMIC_NO_PIC = NO;
				GCC_OPTIMIZATION_LEVEL = 0;
				GCC_PREPROCESSOR_DEFINITIONS = (
					"DEBUG=1",
					"$(inherited)",
				);
				GCC_SYMBOLS_PRIVATE_EXTERN = NO;
				GCC_WARN_64_TO_32_BIT_CONVERSION = YES;
				GCC_WARN_ABOUT_RETURN_TYPE = YES_ERROR;
				GCC_WARN_UNDECLARED_SELECTOR = YES;
				GCC_WARN_UNINITIALIZED_AUTOS = YES_AGGRESSIVE;
				GCC_WARN_UNUSED_FUNCTION = YES;
				GCC_WARN_UNUSED_VARIABLE = YES;
				IPHONEOS_DEPLOYMENT_TARGET = 8.1;
				MTL_ENABLE_DEBUG_INFO = YES;
				ONLY_ACTIVE_ARCH = YES;
				SDKROOT = iphoneos;
			};
			name = Debug;
		};
		924F325F1AABE2C700321078 /* Release */ = {
			isa = XCBuildConfiguration;
			buildSettings = {
				ALWAYS_SEARCH_USER_PATHS = NO;
				CLANG_CXX_LANGUAGE_STANDARD = "gnu++0x";
				CLANG_CXX_LIBRARY = "libc++";
				CLANG_ENABLE_MODULES = YES;
				CLANG_ENABLE_OBJC_ARC = YES;
				CLANG_WARN_BOOL_CONVERSION = YES;
				CLANG_WARN_CONSTANT_CONVERSION = YES;
				CLANG_WARN_DIRECT_OBJC_ISA_USAGE = YES_ERROR;
				CLANG_WARN_EMPTY_BODY = YES;
				CLANG_WARN_ENUM_CONVERSION = YES;
				CLANG_WARN_INT_CONVERSION = YES;
				CLANG_WARN_OBJC_ROOT_CLASS = YES_ERROR;
				CLANG_WARN_UNREACHABLE_CODE = YES;
				CLANG_WARN__DUPLICATE_METHOD_MATCH = YES;
				CODE_SIGN_IDENTITY = "iPhone Distribution: Sanat Srivastva (YDLYVHP44E)";
				"CODE_SIGN_IDENTITY[sdk=iphoneos*]" = "iPhone Distribution: Sanat Srivastva (YDLYVHP44E)";
				COPY_PHASE_STRIP = YES;
				ENABLE_NS_ASSERTIONS = NO;
				ENABLE_STRICT_OBJC_MSGSEND = YES;
				GCC_C_LANGUAGE_STANDARD = gnu99;
				GCC_WARN_64_TO_32_BIT_CONVERSION = YES;
				GCC_WARN_ABOUT_RETURN_TYPE = YES_ERROR;
				GCC_WARN_UNDECLARED_SELECTOR = YES;
				GCC_WARN_UNINITIALIZED_AUTOS = YES_AGGRESSIVE;
				GCC_WARN_UNUSED_FUNCTION = YES;
				GCC_WARN_UNUSED_VARIABLE = YES;
				IPHONEOS_DEPLOYMENT_TARGET = 8.1;
				MTL_ENABLE_DEBUG_INFO = NO;
				SDKROOT = iphoneos;
				VALIDATE_PRODUCT = YES;
			};
			name = Release;
		};
		924F32611AABE2C700321078 /* Debug */ = {
			isa = XCBuildConfiguration;
			buildSettings = {
				ASSETCATALOG_COMPILER_APPICON_NAME = AppIcon;
				INFOPLIST_FILE = ticTacToePro/Info.plist;
				LD_RUNPATH_SEARCH_PATHS = "$(inherited) @executable_path/Frameworks";
				PRODUCT_NAME = "$(TARGET_NAME)";
			};
			name = Debug;
		};
		924F32621AABE2C700321078 /* Release */ = {
			isa = XCBuildConfiguration;
			buildSettings = {
				ASSETCATALOG_COMPILER_APPICON_NAME = AppIcon;
				INFOPLIST_FILE = ticTacToePro/Info.plist;
				LD_RUNPATH_SEARCH_PATHS = "$(inherited) @executable_path/Frameworks";
				PRODUCT_NAME = "$(TARGET_NAME)";
			};
			name = Release;
		};
		924F32641AABE2C700321078 /* Debug */ = {
			isa = XCBuildConfiguration;
			buildSettings = {
				BUNDLE_LOADER = "$(TEST_HOST)";
				FRAMEWORK_SEARCH_PATHS = (
					"$(SDKROOT)/Developer/Library/Frameworks",
					"$(inherited)",
				);
				GCC_PREPROCESSOR_DEFINITIONS = (
					"DEBUG=1",
					"$(inherited)",
				);
				INFOPLIST_FILE = ticTacToeProTests/Info.plist;
				LD_RUNPATH_SEARCH_PATHS = "$(inherited) @executable_path/Frameworks @loader_path/Frameworks";
				PRODUCT_NAME = "$(TARGET_NAME)";
				TEST_HOST = "$(BUILT_PRODUCTS_DIR)/ticTacToePro.app/ticTacToePro";
			};
			name = Debug;
		};
		924F32651AABE2C700321078 /* Release */ = {
			isa = XCBuildConfiguration;
			buildSettings = {
				BUNDLE_LOADER = "$(TEST_HOST)";
				FRAMEWORK_SEARCH_PATHS = (
					"$(SDKROOT)/Developer/Library/Frameworks",
					"$(inherited)",
				);
				INFOPLIST_FILE = ticTacToeProTests/Info.plist;
				LD_RUNPATH_SEARCH_PATHS = "$(inherited) @executable_path/Frameworks @loader_path/Frameworks";
				PRODUCT_NAME = "$(TARGET_NAME)";
				TEST_HOST = "$(BUILT_PRODUCTS_DIR)/ticTacToePro.app/ticTacToePro";
			};
			name = Release;
		};
/* End XCBuildConfiguration section */

/* Begin XCConfigurationList section */
		924F32381AABE2C700321078 /* Build configuration list for PBXProject "ticTacToePro" */ = {
			isa = XCConfigurationList;
			buildConfigurations = (
				924F325E1AABE2C700321078 /* Debug */,
				924F325F1AABE2C700321078 /* Release */,
			);
			defaultConfigurationIsVisible = 0;
			defaultConfigurationName = Release;
		};
		924F32601AABE2C700321078 /* Build configuration list for PBXNativeTarget "ticTacToePro" */ = {
			isa = XCConfigurationList;
			buildConfigurations = (
				924F32611AABE2C700321078 /* Debug */,
				924F32621AABE2C700321078 /* Release */,
			);
			defaultConfigurationIsVisible = 0;
		};
		924F32631AABE2C700321078 /* Build configuration list for PBXNativeTarget "ticTacToeProTests" */ = {
			isa = XCConfigurationList;
			buildConfigurations = (
				924F32641AABE2C700321078 /* Debug */,
				924F32651AABE2C700321078 /* Release */,
			);
			defaultConfigurationIsVisible = 0;
		};
/* End XCConfigurationList section */
	};
	rootObject = 924F32351AABE2C700321078 /* Project object */;
}
